
Microsoft Visual Studio Solution File, Format Version 12.00
# Visual Studio 15
VisualStudioVersion = 15.0.28307.1433
MinimumVisualStudioVersion = 10.0.40219.1
Project("{8BC9CEB8-8B4A-11D0-8D11-00A0C91BC942}") = "opglt", "opglt\opglt.vcxproj", "{3A9F7317-5A32-4D68-A4CF-3C45AD1069BB}"
EndProject
Global
	GlobalSection(SolutionConfigurationPlatforms) = preSolution
		Debug|x64 = Debug|x64
		Debug|x86 = Debug|x86
		Release|x64 = Release|x64
		Release|x86 = Release|x86
	EndGlobalSection
	GlobalSection(ProjectConfigurationPlatforms) = postSolution
		{3A9F7317-5A32-4D68-A4CF-3C45AD1069BB}.Debug|x64.ActiveCfg = Debug|x64
		{3A9F7317-5A32-4D68-A4CF-3C45AD1069BB}.Debug|x64.Build.0 = Debug|x64
		{3A9F7317-5A32-4D68-A4CF-3C45AD1069BB}.Debug|x86.ActiveCfg = Debug|Win32
		{3A9F7317-5A32-4D68-A4CF-3C45AD1069BB}.Debug|x86.Build.0 = Debug|Win32
		{3A9F7317-5A32-4D68-A4CF-3C45AD1069BB}.Release|x64.ActiveCfg = Release|x64
		{3A9F7317-5A32-4D68-A4CF-3C45AD1069BB}.Release|x64.Build.0 = Release|x64
		{3A9F7317-5A32-4D68-A4CF-3C45AD1069BB}.Release|x86.ActiveCfg = Release|Win32
		{3A9F7317-5A32-4D68-A4CF-3C45AD1069BB}.Release|x86.Build.0 = Release|Win32
	EndGlobalSection
	GlobalSection(SolutionProperties) = preSolution
		HideSolutionNode = FALSE
	EndGlobalSection
	GlobalSection(ExtensibilityGlobals) = postSolution
		SolutionGuid = {9AF5A836-CA8B-4476-92BD-1377617ED8B7}
	EndGlobalSection
EndGlobal
